
Microsoft Visual Studio Solution File, Format Version 12.00
# Visual Studio Version 16
VisualStudioVersion = 16.0.31702.278
MinimumVisualStudioVersion = 10.0.40219.1
Project("{8BC9CEB8-8B4A-11D0-8D11-00A0C91BC942}") = "Sandbox", "Sandbox\Sandbox.vcxproj", "{03F73502-242C-4735-A7D0-0677AECDC543}"
EndProject
Project("{8BC9CEB8-8B4A-11D0-8D11-00A0C91BC942}") = "Engine", "Engine\Engine.vcxproj", "{90F731FF-E1D1-47AE-8E49-508EE542B60F}"
EndProject
Global
	GlobalSection(SolutionConfigurationPlatforms) = preSolution
		Debug|x64 = Debug|x64
		Release|x64 = Release|x64
	EndGlobalSection
	GlobalSection(ProjectConfigurationPlatforms) = postSolution
		{90F731FF-E1D1-47AE-8E49-508EE542B60F}.Debug|x64.ActiveCfg = Debug|x64
		{90F731FF-E1D1-47AE-8E49-508EE542B60F}.Debug|x64.Build.0 = Debug|x64
		{90F731FF-E1D1-47AE-8E49-508EE542B60F}.Release|x64.ActiveCfg = Release|x64
		{90F731FF-E1D1-47AE-8E49-508EE542B60F}.Release|x64.Build.0 = Release|x64
		{03F73502-242C-4735-A7D0-0677AECDC543}.Debug|x64.ActiveCfg = Debug|x64
		{03F73502-242C-4735-A7D0-0677AECDC543}.Debug|x64.Build.0 = Debug|x64
		{03F73502-242C-4735-A7D0-0677AECDC543}.Release|x64.ActiveCfg = Release|x64
		{03F73502-242C-4735-A7D0-0677AECDC543}.Release|x64.Build.0 = Release|x64
	EndGlobalSection
	GlobalSection(SolutionProperties) = preSolution
		HideSolutionNode = FALSE
	EndGlobalSection
	GlobalSection(ExtensibilityGlobals) = postSolution
		SolutionGuid = {29478216-1D9D-45A7-943B-A672F33A723D}
	EndGlobalSection
EndGlobal
